
Microsoft Visual Studio Solution File, Format Version 12.00
# Visual Studio Version 16
VisualStudioVersion = 16.0.29613.14
MinimumVisualStudioVersion = 10.0.40219.1
Project("{FAE04EC0-301F-11D3-BF4B-00C04F79EFBC}") = "FunctionalProgramming", "FunctionalProgramming\FunctionalProgramming.csproj", "{73D71B3E-12E7-4FCF-9D87-7CB3A75FF6FA}"
EndProject
Global
	GlobalSection(SolutionConfigurationPlatforms) = preSolution
		Debug|Any CPU = Debug|Any CPU
		Release|Any CPU = Release|Any CPU
	EndGlobalSection
	GlobalSection(ProjectConfigurationPlatforms) = postSolution
		{73D71B3E-12E7-4FCF-9D87-7CB3A75FF6FA}.Debug|Any CPU.ActiveCfg = Debug|Any CPU
		{73D71B3E-12E7-4FCF-9D87-7CB3A75FF6FA}.Debug|Any CPU.Build.0 = Debug|Any CPU
		{73D71B3E-12E7-4FCF-9D87-7CB3A75FF6FA}.Release|Any CPU.ActiveCfg = Release|Any CPU
		{73D71B3E-12E7-4FCF-9D87-7CB3A75FF6FA}.Release|Any CPU.Build.0 = Release|Any CPU
	EndGlobalSection
	GlobalSection(SolutionProperties) = preSolution
		HideSolutionNode = FALSE
	EndGlobalSection
	GlobalSection(ExtensibilityGlobals) = postSolution
		SolutionGuid = {0F75CC96-1AA3-4021-9458-01FFBAE1D8F4}
	EndGlobalSection
EndGlobal
